
Microsoft Visual Studio Solution File, Format Version 12.00
# Visual Studio Version 16
VisualStudioVersion = 16.0.30907.101
MinimumVisualStudioVersion = 10.0.40219.1
Project("{9A19103F-16F7-4668-BE54-9A1E7A4F7556}") = "KampIntro", "KampIntro\KampIntro.csproj", "{B3F71518-C584-4FE2-9AC3-079D8DD04EDC}"
EndProject
Project("{9A19103F-16F7-4668-BE54-9A1E7A4F7556}") = "Donguler", "Donguler\Donguler.csproj", "{FC88DFC9-BA88-41F2-A2F6-61CA897DF17A}"
EndProject
Project("{9A19103F-16F7-4668-BE54-9A1E7A4F7556}") = "ClassIntro", "ClassIntro\ClassIntro.csproj", "{1B0BA0B3-C1E9-4B72-A72E-4CA8175BADE0}"
EndProject
Project("{9A19103F-16F7-4668-BE54-9A1E7A4F7556}") = "ProductClass", "Odevler\ProductClass.csproj", "{76458388-A120-40C5-8AE7-23140A104497}"
EndProject
Project("{2150E333-8FDC-42A3-9474-1A3956D46DE8}") = "Beginner", "Beginner", "{555DA848-18B1-4858-8B66-E733B0AA5B56}"
EndProject
Project("{9A19103F-16F7-4668-BE54-9A1E7A4F7556}") = "Arrays", "Arrays\Arrays.csproj", "{951D7849-7552-4E4D-B51B-204DC8DA7670}"
EndProject
Project("{9A19103F-16F7-4668-BE54-9A1E7A4F7556}") = "Strings", "Strings\Strings.csproj", "{A89E27DF-6FE1-42AB-958F-6070D5BDA69D}"
EndProject
Project("{2150E333-8FDC-42A3-9474-1A3956D46DE8}") = "II.Solution project", "II.Solution project", "{5C7D8B8E-5119-4184-896E-42B62C4391CA}"
EndProject
Project("{9A19103F-16F7-4668-BE54-9A1E7A4F7556}") = "Method", "Method\Method.csproj", "{6E98A669-A2FE-4A81-B7D0-5B4659239C51}"
EndProject
Project("{9A19103F-16F7-4668-BE54-9A1E7A4F7556}") = "Matematik", "Matematik\Matematik.csproj", "{A0A3DB3C-6722-4B28-88BB-0B23D78339A5}"
EndProject
Project("{9A19103F-16F7-4668-BE54-9A1E7A4F7556}") = "ValueAndReferenceTypes", "ValueAndReferenceTypes\ValueAndReferenceTypes.csproj", "{09A07A7D-4437-4DC5-A45D-13D79D2C47C8}"
EndProject
Project("{9A19103F-16F7-4668-BE54-9A1E7A4F7556}") = "OOP1", "OOP1\OOP1.csproj", "{2FDCD942-36EF-4349-80C5-B2ED55105C07}"
EndProject
Project("{9A19103F-16F7-4668-BE54-9A1E7A4F7556}") = "Collections", "Collections\Collections.csproj", "{DECE483A-4AC1-4454-B33E-36C628613930}"
EndProject
Project("{9A19103F-16F7-4668-BE54-9A1E7A4F7556}") = "GenericsIntro", "GenericsIntro\GenericsIntro.csproj", "{9D21946F-D850-4E97-AC32-B866F94E159F}"
EndProject
Project("{9A19103F-16F7-4668-BE54-9A1E7A4F7556}") = "Constructors", "Constructors\Constructors.csproj", "{78D55435-7AD5-4F9F-BB98-CE7EA6AFEB8C}"
EndProject
Project("{9A19103F-16F7-4668-BE54-9A1E7A4F7556}") = "Dictionary", "Dictionary\Dictionary.csproj", "{77E70300-6E5F-4DA0-9FA7-F16489AAB89C}"
EndProject
Project("{2150E333-8FDC-42A3-9474-1A3956D46DE8}") = "lll. Solution project", "lll. Solution project", "{9E2F44B2-8F2A-4F5E-939A-EC5AC9413259}"
EndProject
Project("{9A19103F-16F7-4668-BE54-9A1E7A4F7556}") = "OOP2", "OOP2\OOP2.csproj", "{7111AD38-2D02-4F7D-B053-0D64DC212992}"
EndProject
Project("{9A19103F-16F7-4668-BE54-9A1E7A4F7556}") = "OOP3", "OOP3\OOP3.csproj", "{B530FFBB-F452-4011-B5CA-6DB90FCECB16}"
EndProject
Project("{9A19103F-16F7-4668-BE54-9A1E7A4F7556}") = "Classes", "Classes\Classes.csproj", "{B612B198-1724-498D-BA2A-B3C612AA02EF}"
EndProject
Project("{FAE04EC0-301F-11D3-BF4B-00C04F79EFBC}") = "RecapDemo1", "RecapDemo1\RecapDemo1.csproj", "{BC416D43-D051-4801-9C96-4899156B2F6B}"
EndProject
Project("{9A19103F-16F7-4668-BE54-9A1E7A4F7556}") = "InterfacesIntro", "Interfaces\InterfacesIntro.csproj", "{E2EB6F1F-3825-4D98-98D3-14929F0751D5}"
EndProject
Project("{9A19103F-16F7-4668-BE54-9A1E7A4F7556}") = "InterfacesDemo", "InterfacesDemo\InterfacesDemo.csproj", "{163C9CF4-39F8-4042-A5B9-47D5F143C74F}"
EndProject
Project("{9A19103F-16F7-4668-BE54-9A1E7A4F7556}") = "Inheritace", "Inheritace\Inheritace.csproj", "{B747708F-DEC8-4A8A-8480-5C1C957FC665}"
EndProject
Project("{9A19103F-16F7-4668-BE54-9A1E7A4F7556}") = "InterfacesPlus", "Interfaces+\InterfacesPlus.csproj", "{4D6BF57E-1584-4056-931F-8A97E26C9B55}"
EndProject
Project("{9A19103F-16F7-4668-BE54-9A1E7A4F7556}") = "Abstracts", "Abstracts\Abstracts.csproj", "{D528726A-A814-48D7-82C6-26445DBB62D8}"
EndProject
Project("{9A19103F-16F7-4668-BE54-9A1E7A4F7556}") = "InterfaceAbstractDemo", "InterfaceAbstractDemo\InterfaceAbstractDemo.csproj", "{58B4BB96-C413-4D53-B87D-BA9D894DB1EE}"
EndProject
Project("{FAE04EC0-301F-11D3-BF4B-00C04F79EFBC}") = "RecapPlayerDemo", "RecapPlayerDemo\RecapPlayerDemo.csproj", "{207ACB55-A809-4E34-AC23-A1087DF09BD7}"
EndProject
Global
	GlobalSection(SolutionConfigurationPlatforms) = preSolution
		Debug|Any CPU = Debug|Any CPU
		Release|Any CPU = Release|Any CPU
	EndGlobalSection
	GlobalSection(ProjectConfigurationPlatforms) = postSolution
		{B3F71518-C584-4FE2-9AC3-079D8DD04EDC}.Debug|Any CPU.ActiveCfg = Debug|Any CPU
		{B3F71518-C584-4FE2-9AC3-079D8DD04EDC}.Debug|Any CPU.Build.0 = Debug|Any CPU
		{B3F71518-C584-4FE2-9AC3-079D8DD04EDC}.Release|Any CPU.ActiveCfg = Release|Any CPU
		{B3F71518-C584-4FE2-9AC3-079D8DD04EDC}.Release|Any CPU.Build.0 = Release|Any CPU
		{FC88DFC9-BA88-41F2-A2F6-61CA897DF17A}.Debug|Any CPU.ActiveCfg = Debug|Any CPU
		{FC88DFC9-BA88-41F2-A2F6-61CA897DF17A}.Debug|Any CPU.Build.0 = Debug|Any CPU
		{FC88DFC9-BA88-41F2-A2F6-61CA897DF17A}.Release|Any CPU.ActiveCfg = Release|Any CPU
		{FC88DFC9-BA88-41F2-A2F6-61CA897DF17A}.Release|Any CPU.Build.0 = Release|Any CPU
		{1B0BA0B3-C1E9-4B72-A72E-4CA8175BADE0}.Debug|Any CPU.ActiveCfg = Debug|Any CPU
		{1B0BA0B3-C1E9-4B72-A72E-4CA8175BADE0}.Debug|Any CPU.Build.0 = Debug|Any CPU
		{1B0BA0B3-C1E9-4B72-A72E-4CA8175BADE0}.Release|Any CPU.ActiveCfg = Release|Any CPU
		{1B0BA0B3-C1E9-4B72-A72E-4CA8175BADE0}.Release|Any CPU.Build.0 = Release|Any CPU
		{76458388-A120-40C5-8AE7-23140A104497}.Debug|Any CPU.ActiveCfg = Debug|Any CPU
		{76458388-A120-40C5-8AE7-23140A104497}.Debug|Any CPU.Build.0 = Debug|Any CPU
		{76458388-A120-40C5-8AE7-23140A104497}.Release|Any CPU.ActiveCfg = Release|Any CPU
		{76458388-A120-40C5-8AE7-23140A104497}.Release|Any CPU.Build.0 = Release|Any CPU
		{951D7849-7552-4E4D-B51B-204DC8DA7670}.Debug|Any CPU.ActiveCfg = Debug|Any CPU
		{951D7849-7552-4E4D-B51B-204DC8DA7670}.Debug|Any CPU.Build.0 = Debug|Any CPU
		{951D7849-7552-4E4D-B51B-204DC8DA7670}.Release|Any CPU.ActiveCfg = Release|Any CPU
		{951D7849-7552-4E4D-B51B-204DC8DA7670}.Release|Any CPU.Build.0 = Release|Any CPU
		{A89E27DF-6FE1-42AB-958F-6070D5BDA69D}.Debug|Any CPU.ActiveCfg = Debug|Any CPU
		{A89E27DF-6FE1-42AB-958F-6070D5BDA69D}.Debug|Any CPU.Build.0 = Debug|Any CPU
		{A89E27DF-6FE1-42AB-958F-6070D5BDA69D}.Release|Any CPU.ActiveCfg = Release|Any CPU
		{A89E27DF-6FE1-42AB-958F-6070D5BDA69D}.Release|Any CPU.Build.0 = Release|Any CPU
		{6E98A669-A2FE-4A81-B7D0-5B4659239C51}.Debug|Any CPU.ActiveCfg = Debug|Any CPU
		{6E98A669-A2FE-4A81-B7D0-5B4659239C51}.Debug|Any CPU.Build.0 = Debug|Any CPU
		{6E98A669-A2FE-4A81-B7D0-5B4659239C51}.Release|Any CPU.ActiveCfg = Release|Any CPU
		{6E98A669-A2FE-4A81-B7D0-5B4659239C51}.Release|Any CPU.Build.0 = Release|Any CPU
		{A0A3DB3C-6722-4B28-88BB-0B23D78339A5}.Debug|Any CPU.ActiveCfg = Debug|Any CPU
		{A0A3DB3C-6722-4B28-88BB-0B23D78339A5}.Debug|Any CPU.Build.0 = Debug|Any CPU
		{A0A3DB3C-6722-4B28-88BB-0B23D78339A5}.Release|Any CPU.ActiveCfg = Release|Any CPU
		{A0A3DB3C-6722-4B28-88BB-0B23D78339A5}.Release|Any CPU.Build.0 = Release|Any CPU
		{09A07A7D-4437-4DC5-A45D-13D79D2C47C8}.Debug|Any CPU.ActiveCfg = Debug|Any CPU
		{09A07A7D-4437-4DC5-A45D-13D79D2C47C8}.Debug|Any CPU.Build.0 = Debug|Any CPU
		{09A07A7D-4437-4DC5-A45D-13D79D2C47C8}.Release|Any CPU.ActiveCfg = Release|Any CPU
		{09A07A7D-4437-4DC5-A45D-13D79D2C47C8}.Release|Any CPU.Build.0 = Release|Any CPU
		{2FDCD942-36EF-4349-80C5-B2ED55105C07}.Debug|Any CPU.ActiveCfg = Debug|Any CPU
		{2FDCD942-36EF-4349-80C5-B2ED55105C07}.Debug|Any CPU.Build.0 = Debug|Any CPU
		{2FDCD942-36EF-4349-80C5-B2ED55105C07}.Release|Any CPU.ActiveCfg = Release|Any CPU
		{2FDCD942-36EF-4349-80C5-B2ED55105C07}.Release|Any CPU.Build.0 = Release|Any CPU
		{DECE483A-4AC1-4454-B33E-36C628613930}.Debug|Any CPU.ActiveCfg = Debug|Any CPU
		{DECE483A-4AC1-4454-B33E-36C628613930}.Debug|Any CPU.Build.0 = Debug|Any CPU
		{DECE483A-4AC1-4454-B33E-36C628613930}.Release|Any CPU.ActiveCfg = Release|Any CPU
		{DECE483A-4AC1-4454-B33E-36C628613930}.Release|Any CPU.Build.0 = Release|Any CPU
		{9D21946F-D850-4E97-AC32-B866F94E159F}.Debug|Any CPU.ActiveCfg = Debug|Any CPU
		{9D21946F-D850-4E97-AC32-B866F94E159F}.Debug|Any CPU.Build.0 = Debug|Any CPU
		{9D21946F-D850-4E97-AC32-B866F94E159F}.Release|Any CPU.ActiveCfg = Release|Any CPU
		{9D21946F-D850-4E97-AC32-B866F94E159F}.Release|Any CPU.Build.0 = Release|Any CPU
		{78D55435-7AD5-4F9F-BB98-CE7EA6AFEB8C}.Debug|Any CPU.ActiveCfg = Debug|Any CPU
		{78D55435-7AD5-4F9F-BB98-CE7EA6AFEB8C}.Debug|Any CPU.Build.0 = Debug|Any CPU
		{78D55435-7AD5-4F9F-BB98-CE7EA6AFEB8C}.Release|Any CPU.ActiveCfg = Release|Any CPU
		{78D55435-7AD5-4F9F-BB98-CE7EA6AFEB8C}.Release|Any CPU.Build.0 = Release|Any CPU
		{77E70300-6E5F-4DA0-9FA7-F16489AAB89C}.Debug|Any CPU.ActiveCfg = Debug|Any CPU
		{77E70300-6E5F-4DA0-9FA7-F16489AAB89C}.Debug|Any CPU.Build.0 = Debug|Any CPU
		{77E70300-6E5F-4DA0-9FA7-F16489AAB89C}.Release|Any CPU.ActiveCfg = Release|Any CPU
		{77E70300-6E5F-4DA0-9FA7-F16489AAB89C}.Release|Any CPU.Build.0 = Release|Any CPU
		{7111AD38-2D02-4F7D-B053-0D64DC212992}.Debug|Any CPU.ActiveCfg = Debug|Any CPU
		{7111AD38-2D02-4F7D-B053-0D64DC212992}.Debug|Any CPU.Build.0 = Debug|Any CPU
		{7111AD38-2D02-4F7D-B053-0D64DC212992}.Release|Any CPU.ActiveCfg = Release|Any CPU
		{7111AD38-2D02-4F7D-B053-0D64DC212992}.Release|Any CPU.Build.0 = Release|Any CPU
		{B530FFBB-F452-4011-B5CA-6DB90FCECB16}.Debug|Any CPU.ActiveCfg = Debug|Any CPU
		{B530FFBB-F452-4011-B5CA-6DB90FCECB16}.Debug|Any CPU.Build.0 = Debug|Any CPU
		{B530FFBB-F452-4011-B5CA-6DB90FCECB16}.Release|Any CPU.ActiveCfg = Release|Any CPU
		{B530FFBB-F452-4011-B5CA-6DB90FCECB16}.Release|Any CPU.Build.0 = Release|Any CPU
		{B612B198-1724-498D-BA2A-B3C612AA02EF}.Debug|Any CPU.ActiveCfg = Debug|Any CPU
		{B612B198-1724-498D-BA2A-B3C612AA02EF}.Debug|Any CPU.Build.0 = Debug|Any CPU
		{B612B198-1724-498D-BA2A-B3C612AA02EF}.Release|Any CPU.ActiveCfg = Release|Any CPU
		{B612B198-1724-498D-BA2A-B3C612AA02EF}.Release|Any CPU.Build.0 = Release|Any CPU
		{BC416D43-D051-4801-9C96-4899156B2F6B}.Debug|Any CPU.ActiveCfg = Debug|Any CPU
		{BC416D43-D051-4801-9C96-4899156B2F6B}.Debug|Any CPU.Build.0 = Debug|Any CPU
		{BC416D43-D051-4801-9C96-4899156B2F6B}.Release|Any CPU.ActiveCfg = Release|Any CPU
		{BC416D43-D051-4801-9C96-4899156B2F6B}.Release|Any CPU.Build.0 = Release|Any CPU
		{E2EB6F1F-3825-4D98-98D3-14929F0751D5}.Debug|Any CPU.ActiveCfg = Debug|Any CPU
		{E2EB6F1F-3825-4D98-98D3-14929F0751D5}.Debug|Any CPU.Build.0 = Debug|Any CPU
		{E2EB6F1F-3825-4D98-98D3-14929F0751D5}.Release|Any CPU.ActiveCfg = Release|Any CPU
		{E2EB6F1F-3825-4D98-98D3-14929F0751D5}.Release|Any CPU.Build.0 = Release|Any CPU
		{163C9CF4-39F8-4042-A5B9-47D5F143C74F}.Debug|Any CPU.ActiveCfg = Debug|Any CPU
		{163C9CF4-39F8-4042-A5B9-47D5F143C74F}.Debug|Any CPU.Build.0 = Debug|Any CPU
		{163C9CF4-39F8-4042-A5B9-47D5F143C74F}.Release|Any CPU.ActiveCfg = Release|Any CPU
		{163C9CF4-39F8-4042-A5B9-47D5F143C74F}.Release|Any CPU.Build.0 = Release|Any CPU
		{B747708F-DEC8-4A8A-8480-5C1C957FC665}.Debug|Any CPU.ActiveCfg = Debug|Any CPU
		{B747708F-DEC8-4A8A-8480-5C1C957FC665}.Debug|Any CPU.Build.0 = Debug|Any CPU
		{B747708F-DEC8-4A8A-8480-5C1C957FC665}.Release|Any CPU.ActiveCfg = Release|Any CPU
		{B747708F-DEC8-4A8A-8480-5C1C957FC665}.Release|Any CPU.Build.0 = Release|Any CPU
		{4D6BF57E-1584-4056-931F-8A97E26C9B55}.Debug|Any CPU.ActiveCfg = Debug|Any CPU
		{4D6BF57E-1584-4056-931F-8A97E26C9B55}.Debug|Any CPU.Build.0 = Debug|Any CPU
		{4D6BF57E-1584-4056-931F-8A97E26C9B55}.Release|Any CPU.ActiveCfg = Release|Any CPU
		{4D6BF57E-1584-4056-931F-8A97E26C9B55}.Release|Any CPU.Build.0 = Release|Any CPU
		{D528726A-A814-48D7-82C6-26445DBB62D8}.Debug|Any CPU.ActiveCfg = Debug|Any CPU
		{D528726A-A814-48D7-82C6-26445DBB62D8}.Debug|Any CPU.Build.0 = Debug|Any CPU
		{D528726A-A814-48D7-82C6-26445DBB62D8}.Release|Any CPU.ActiveCfg = Release|Any CPU
		{D528726A-A814-48D7-82C6-26445DBB62D8}.Release|Any CPU.Build.0 = Release|Any CPU
		{58B4BB96-C413-4D53-B87D-BA9D894DB1EE}.Debug|Any CPU.ActiveCfg = Debug|Any CPU
		{58B4BB96-C413-4D53-B87D-BA9D894DB1EE}.Debug|Any CPU.Build.0 = Debug|Any CPU
		{58B4BB96-C413-4D53-B87D-BA9D894DB1EE}.Release|Any CPU.ActiveCfg = Release|Any CPU
		{58B4BB96-C413-4D53-B87D-BA9D894DB1EE}.Release|Any CPU.Build.0 = Release|Any CPU
		{207ACB55-A809-4E34-AC23-A1087DF09BD7}.Debug|Any CPU.ActiveCfg = Debug|Any CPU
		{207ACB55-A809-4E34-AC23-A1087DF09BD7}.Debug|Any CPU.Build.0 = Debug|Any CPU
		{207ACB55-A809-4E34-AC23-A1087DF09BD7}.Release|Any CPU.ActiveCfg = Release|Any CPU
		{207ACB55-A809-4E34-AC23-A1087DF09BD7}.Release|Any CPU.Build.0 = Release|Any CPU
	EndGlobalSection
	GlobalSection(SolutionProperties) = preSolution
		HideSolutionNode = FALSE
	EndGlobalSection
	GlobalSection(NestedProjects) = preSolution
		{B3F71518-C584-4FE2-9AC3-079D8DD04EDC} = {555DA848-18B1-4858-8B66-E733B0AA5B56}
		{FC88DFC9-BA88-41F2-A2F6-61CA897DF17A} = {555DA848-18B1-4858-8B66-E733B0AA5B56}
		{1B0BA0B3-C1E9-4B72-A72E-4CA8175BADE0} = {555DA848-18B1-4858-8B66-E733B0AA5B56}
		{76458388-A120-40C5-8AE7-23140A104497} = {555DA848-18B1-4858-8B66-E733B0AA5B56}
		{951D7849-7552-4E4D-B51B-204DC8DA7670} = {555DA848-18B1-4858-8B66-E733B0AA5B56}
		{A89E27DF-6FE1-42AB-958F-6070D5BDA69D} = {555DA848-18B1-4858-8B66-E733B0AA5B56}
		{6E98A669-A2FE-4A81-B7D0-5B4659239C51} = {5C7D8B8E-5119-4184-896E-42B62C4391CA}
		{A0A3DB3C-6722-4B28-88BB-0B23D78339A5} = {5C7D8B8E-5119-4184-896E-42B62C4391CA}
		{09A07A7D-4437-4DC5-A45D-13D79D2C47C8} = {5C7D8B8E-5119-4184-896E-42B62C4391CA}
		{2FDCD942-36EF-4349-80C5-B2ED55105C07} = {9E2F44B2-8F2A-4F5E-939A-EC5AC9413259}
		{DECE483A-4AC1-4454-B33E-36C628613930} = {5C7D8B8E-5119-4184-896E-42B62C4391CA}
		{9D21946F-D850-4E97-AC32-B866F94E159F} = {5C7D8B8E-5119-4184-896E-42B62C4391CA}
		{78D55435-7AD5-4F9F-BB98-CE7EA6AFEB8C} = {5C7D8B8E-5119-4184-896E-42B62C4391CA}
		{77E70300-6E5F-4DA0-9FA7-F16489AAB89C} = {5C7D8B8E-5119-4184-896E-42B62C4391CA}
		{7111AD38-2D02-4F7D-B053-0D64DC212992} = {9E2F44B2-8F2A-4F5E-939A-EC5AC9413259}
		{B530FFBB-F452-4011-B5CA-6DB90FCECB16} = {9E2F44B2-8F2A-4F5E-939A-EC5AC9413259}
		{B612B198-1724-498D-BA2A-B3C612AA02EF} = {5C7D8B8E-5119-4184-896E-42B62C4391CA}
		{BC416D43-D051-4801-9C96-4899156B2F6B} = {5C7D8B8E-5119-4184-896E-42B62C4391CA}
		{E2EB6F1F-3825-4D98-98D3-14929F0751D5} = {5C7D8B8E-5119-4184-896E-42B62C4391CA}
		{163C9CF4-39F8-4042-A5B9-47D5F143C74F} = {5C7D8B8E-5119-4184-896E-42B62C4391CA}
		{B747708F-DEC8-4A8A-8480-5C1C957FC665} = {5C7D8B8E-5119-4184-896E-42B62C4391CA}
		{4D6BF57E-1584-4056-931F-8A97E26C9B55} = {9E2F44B2-8F2A-4F5E-939A-EC5AC9413259}
		{D528726A-A814-48D7-82C6-26445DBB62D8} = {9E2F44B2-8F2A-4F5E-939A-EC5AC9413259}
		{58B4BB96-C413-4D53-B87D-BA9D894DB1EE} = {9E2F44B2-8F2A-4F5E-939A-EC5AC9413259}
		{207ACB55-A809-4E34-AC23-A1087DF09BD7} = {9E2F44B2-8F2A-4F5E-939A-EC5AC9413259}
	EndGlobalSection
	GlobalSection(ExtensibilityGlobals) = postSolution
		SolutionGuid = {D0FCFB57-FBCB-4C13-BF3E-FA114F4F2A3C}
	EndGlobalSection
EndGlobal
