
Microsoft Visual Studio Solution File, Format Version 12.00
# Visual Studio Version 16
VisualStudioVersion = 16.0.30907.101
MinimumVisualStudioVersion = 10.0.40219.1
Project("{9A19103F-16F7-4668-BE54-9A1E7A4F7556}") = "KampIntro", "KampIntro\KampIntro.csproj", "{B3F71518-C584-4FE2-9AC3-079D8DD04EDC}"
EndProject
Project("{9A19103F-16F7-4668-BE54-9A1E7A4F7556}") = "Donguler", "Donguler\Donguler.csproj", "{FC88DFC9-BA88-41F2-A2F6-61CA897DF17A}"
EndProject
Project("{9A19103F-16F7-4668-BE54-9A1E7A4F7556}") = "ClassIntro", "ClassIntro\ClassIntro.csproj", "{1B0BA0B3-C1E9-4B72-A72E-4CA8175BADE0}"
EndProject
Project("{9A19103F-16F7-4668-BE54-9A1E7A4F7556}") = "ProductClass", "Odevler\ProductClass.csproj", "{76458388-A120-40C5-8AE7-23140A104497}"
EndProject
Project("{2150E333-8FDC-42A3-9474-1A3956D46DE8}") = "Beginner", "Beginner", "{555DA848-18B1-4858-8B66-E733B0AA5B56}"
EndProject
Project("{9A19103F-16F7-4668-BE54-9A1E7A4F7556}") = "Arrays", "Arrays\Arrays.csproj", "{951D7849-7552-4E4D-B51B-204DC8DA7670}"
EndProject
Project("{9A19103F-16F7-4668-BE54-9A1E7A4F7556}") = "Strings", "Strings\Strings.csproj", "{A89E27DF-6FE1-42AB-958F-6070D5BDA69D}"
EndProject
Project("{2150E333-8FDC-42A3-9474-1A3956D46DE8}") = "II.Solution project", "II.Solution project", "{5C7D8B8E-5119-4184-896E-42B62C4391CA}"
EndProject
Project("{FAE04EC0-301F-11D3-BF4B-00C04F79EFBC}") = "Method", "Method\Method.csproj", "{6E98A669-A2FE-4A81-B7D0-5B4659239C51}"
EndProject
Project("{FAE04EC0-301F-11D3-BF4B-00C04F79EFBC}") = "Matematik", "Matematik\Matematik.csproj", "{A0A3DB3C-6722-4B28-88BB-0B23D78339A5}"
EndProject
Project("{FAE04EC0-301F-11D3-BF4B-00C04F79EFBC}") = "ValueAndReferenceTypes", "ValueAndReferenceTypes\ValueAndReferenceTypes.csproj", "{09A07A7D-4437-4DC5-A45D-13D79D2C47C8}"
EndProject
Global
	GlobalSection(SolutionConfigurationPlatforms) = preSolution
		Debug|Any CPU = Debug|Any CPU
		Release|Any CPU = Release|Any CPU
	EndGlobalSection
	GlobalSection(ProjectConfigurationPlatforms) = postSolution
		{B3F71518-C584-4FE2-9AC3-079D8DD04EDC}.Debug|Any CPU.ActiveCfg = Debug|Any CPU
		{B3F71518-C584-4FE2-9AC3-079D8DD04EDC}.Debug|Any CPU.Build.0 = Debug|Any CPU
		{B3F71518-C584-4FE2-9AC3-079D8DD04EDC}.Release|Any CPU.ActiveCfg = Release|Any CPU
		{B3F71518-C584-4FE2-9AC3-079D8DD04EDC}.Release|Any CPU.Build.0 = Release|Any CPU
		{FC88DFC9-BA88-41F2-A2F6-61CA897DF17A}.Debug|Any CPU.ActiveCfg = Debug|Any CPU
		{FC88DFC9-BA88-41F2-A2F6-61CA897DF17A}.Debug|Any CPU.Build.0 = Debug|Any CPU
		{FC88DFC9-BA88-41F2-A2F6-61CA897DF17A}.Release|Any CPU.ActiveCfg = Release|Any CPU
		{FC88DFC9-BA88-41F2-A2F6-61CA897DF17A}.Release|Any CPU.Build.0 = Release|Any CPU
		{1B0BA0B3-C1E9-4B72-A72E-4CA8175BADE0}.Debug|Any CPU.ActiveCfg = Debug|Any CPU
		{1B0BA0B3-C1E9-4B72-A72E-4CA8175BADE0}.Debug|Any CPU.Build.0 = Debug|Any CPU
		{1B0BA0B3-C1E9-4B72-A72E-4CA8175BADE0}.Release|Any CPU.ActiveCfg = Release|Any CPU
		{1B0BA0B3-C1E9-4B72-A72E-4CA8175BADE0}.Release|Any CPU.Build.0 = Release|Any CPU
		{76458388-A120-40C5-8AE7-23140A104497}.Debug|Any CPU.ActiveCfg = Debug|Any CPU
		{76458388-A120-40C5-8AE7-23140A104497}.Debug|Any CPU.Build.0 = Debug|Any CPU
		{76458388-A120-40C5-8AE7-23140A104497}.Release|Any CPU.ActiveCfg = Release|Any CPU
		{76458388-A120-40C5-8AE7-23140A104497}.Release|Any CPU.Build.0 = Release|Any CPU
		{951D7849-7552-4E4D-B51B-204DC8DA7670}.Debug|Any CPU.ActiveCfg = Debug|Any CPU
		{951D7849-7552-4E4D-B51B-204DC8DA7670}.Debug|Any CPU.Build.0 = Debug|Any CPU
		{951D7849-7552-4E4D-B51B-204DC8DA7670}.Release|Any CPU.ActiveCfg = Release|Any CPU
		{951D7849-7552-4E4D-B51B-204DC8DA7670}.Release|Any CPU.Build.0 = Release|Any CPU
		{A89E27DF-6FE1-42AB-958F-6070D5BDA69D}.Debug|Any CPU.ActiveCfg = Debug|Any CPU
		{A89E27DF-6FE1-42AB-958F-6070D5BDA69D}.Debug|Any CPU.Build.0 = Debug|Any CPU
		{A89E27DF-6FE1-42AB-958F-6070D5BDA69D}.Release|Any CPU.ActiveCfg = Release|Any CPU
		{A89E27DF-6FE1-42AB-958F-6070D5BDA69D}.Release|Any CPU.Build.0 = Release|Any CPU
		{6E98A669-A2FE-4A81-B7D0-5B4659239C51}.Debug|Any CPU.ActiveCfg = Debug|Any CPU
		{6E98A669-A2FE-4A81-B7D0-5B4659239C51}.Debug|Any CPU.Build.0 = Debug|Any CPU
		{6E98A669-A2FE-4A81-B7D0-5B4659239C51}.Release|Any CPU.ActiveCfg = Release|Any CPU
		{6E98A669-A2FE-4A81-B7D0-5B4659239C51}.Release|Any CPU.Build.0 = Release|Any CPU
		{A0A3DB3C-6722-4B28-88BB-0B23D78339A5}.Debug|Any CPU.ActiveCfg = Debug|Any CPU
		{A0A3DB3C-6722-4B28-88BB-0B23D78339A5}.Debug|Any CPU.Build.0 = Debug|Any CPU
		{A0A3DB3C-6722-4B28-88BB-0B23D78339A5}.Release|Any CPU.ActiveCfg = Release|Any CPU
		{A0A3DB3C-6722-4B28-88BB-0B23D78339A5}.Release|Any CPU.Build.0 = Release|Any CPU
		{09A07A7D-4437-4DC5-A45D-13D79D2C47C8}.Debug|Any CPU.ActiveCfg = Debug|Any CPU
		{09A07A7D-4437-4DC5-A45D-13D79D2C47C8}.Debug|Any CPU.Build.0 = Debug|Any CPU
		{09A07A7D-4437-4DC5-A45D-13D79D2C47C8}.Release|Any CPU.ActiveCfg = Release|Any CPU
		{09A07A7D-4437-4DC5-A45D-13D79D2C47C8}.Release|Any CPU.Build.0 = Release|Any CPU
	EndGlobalSection
	GlobalSection(SolutionProperties) = preSolution
		HideSolutionNode = FALSE
	EndGlobalSection
	GlobalSection(NestedProjects) = preSolution
		{B3F71518-C584-4FE2-9AC3-079D8DD04EDC} = {555DA848-18B1-4858-8B66-E733B0AA5B56}
		{FC88DFC9-BA88-41F2-A2F6-61CA897DF17A} = {555DA848-18B1-4858-8B66-E733B0AA5B56}
		{1B0BA0B3-C1E9-4B72-A72E-4CA8175BADE0} = {555DA848-18B1-4858-8B66-E733B0AA5B56}
		{76458388-A120-40C5-8AE7-23140A104497} = {555DA848-18B1-4858-8B66-E733B0AA5B56}
		{951D7849-7552-4E4D-B51B-204DC8DA7670} = {555DA848-18B1-4858-8B66-E733B0AA5B56}
		{A89E27DF-6FE1-42AB-958F-6070D5BDA69D} = {555DA848-18B1-4858-8B66-E733B0AA5B56}
		{6E98A669-A2FE-4A81-B7D0-5B4659239C51} = {5C7D8B8E-5119-4184-896E-42B62C4391CA}
		{A0A3DB3C-6722-4B28-88BB-0B23D78339A5} = {5C7D8B8E-5119-4184-896E-42B62C4391CA}
		{09A07A7D-4437-4DC5-A45D-13D79D2C47C8} = {5C7D8B8E-5119-4184-896E-42B62C4391CA}
	EndGlobalSection
	GlobalSection(ExtensibilityGlobals) = postSolution
		SolutionGuid = {D0FCFB57-FBCB-4C13-BF3E-FA114F4F2A3C}
	EndGlobalSection
EndGlobal
